// !$*UTF8*$!
{
	archiveVersion = 1;
	classes = {
	};
	objectVersion = 46;
	objects = {

/* Begin PBXBuildFile section */
		2E3D0A401830F6CA00A119B4 /* Foundation.framework in Frameworks */ = {isa = PBXBuildFile; fileRef = 2E3D0A3F1830F6CA00A119B4 /* Foundation.framework */; };
		2E3D0A421830F6CA00A119B4 /* CoreGraphics.framework in Frameworks */ = {isa = PBXBuildFile; fileRef = 2E3D0A411830F6CA00A119B4 /* CoreGraphics.framework */; };
		2E3D0A441830F6CA00A119B4 /* UIKit.framework in Frameworks */ = {isa = PBXBuildFile; fileRef = 2E3D0A431830F6CA00A119B4 /* UIKit.framework */; };
		2E3D0A4A1830F6CA00A119B4 /* InfoPlist.strings in Resources */ = {isa = PBXBuildFile; fileRef = 2E3D0A481830F6CA00A119B4 /* InfoPlist.strings */; };
		2E3D0A4C1830F6CA00A119B4 /* main.m in Sources */ = {isa = PBXBuildFile; fileRef = 2E3D0A4B1830F6CA00A119B4 /* main.m */; };
		2E3D0A501830F6CA00A119B4 /* RIDAppDelegate.m in Sources */ = {isa = PBXBuildFile; fileRef = 2E3D0A4F1830F6CA00A119B4 /* RIDAppDelegate.m */; };
		2E3D0A521830F6CA00A119B4 /* Images.xcassets in Resources */ = {isa = PBXBuildFile; fileRef = 2E3D0A511830F6CA00A119B4 /* Images.xcassets */; };
		2E3D0A591830F6CA00A119B4 /* XCTest.framework in Frameworks */ = {isa = PBXBuildFile; fileRef = 2E3D0A581830F6CA00A119B4 /* XCTest.framework */; };
		2E3D0A5A1830F6CA00A119B4 /* Foundation.framework in Frameworks */ = {isa = PBXBuildFile; fileRef = 2E3D0A3F1830F6CA00A119B4 /* Foundation.framework */; };
		2E3D0A5B1830F6CA00A119B4 /* UIKit.framework in Frameworks */ = {isa = PBXBuildFile; fileRef = 2E3D0A431830F6CA00A119B4 /* UIKit.framework */; };
		2E3D0A631830F6CA00A119B4 /* InfoPlist.strings in Resources */ = {isa = PBXBuildFile; fileRef = 2E3D0A611830F6CA00A119B4 /* InfoPlist.strings */; };
		2E3D0A711830F74300A119B4 /* RIDPlace.m in Sources */ = {isa = PBXBuildFile; fileRef = 2E3D0A701830F74300A119B4 /* RIDPlace.m */; };
		2E3D0A751830F83000A119B4 /* RIDPlaceCompletionRequestHelper.m in Sources */ = {isa = PBXBuildFile; fileRef = 2E3D0A741830F83000A119B4 /* RIDPlaceCompletionRequestHelper.m */; };
		2E3D0A771830F8C600A119B4 /* RIDPlaceCompletionRequestHelperTests.m in Sources */ = {isa = PBXBuildFile; fileRef = 2E3D0A761830F8C600A119B4 /* RIDPlaceCompletionRequestHelperTests.m */; };
		2E3D0A7A1830FEF300A119B4 /* RIDCompletionHelper.m in Sources */ = {isa = PBXBuildFile; fileRef = 2E3D0A791830FEF300A119B4 /* RIDCompletionHelper.m */; };
		2E3D0A7C1831362E00A119B4 /* RIDPlaceTest.m in Sources */ = {isa = PBXBuildFile; fileRef = 2E3D0A7B1831362E00A119B4 /* RIDPlaceTest.m */; };
		2E3D0A7E1831377200A119B4 /* RIDCompletionHelperTest.m in Sources */ = {isa = PBXBuildFile; fileRef = 2E3D0A7D1831377200A119B4 /* RIDCompletionHelperTest.m */; };
		2E3D0A801831387800A119B4 /* placeCompletionResponse.json in Resources */ = {isa = PBXBuildFile; fileRef = 2E3D0A7F1831387800A119B4 /* placeCompletionResponse.json */; };
		2E3D0A8518313F4E00A119B4 /* RIDPlaceListViewController.m in Sources */ = {isa = PBXBuildFile; fileRef = 2E3D0A8318313F4E00A119B4 /* RIDPlaceListViewController.m */; };
		2E3D0A8618313F4E00A119B4 /* RIDPlaceListViewController.xib in Resources */ = {isa = PBXBuildFile; fileRef = 2E3D0A8418313F4E00A119B4 /* RIDPlaceListViewController.xib */; };
		2E3D0A89183148B800A119B4 /* RIDPlaceRainHelper.m in Sources */ = {isa = PBXBuildFile; fileRef = 2E3D0A88183148B800A119B4 /* RIDPlaceRainHelper.m */; };
		2E3D0A8C1831494A00A119B4 /* RIDPlaceRainRequestHelper.m in Sources */ = {isa = PBXBuildFile; fileRef = 2E3D0A8B1831494A00A119B4 /* RIDPlaceRainRequestHelper.m */; };
		2E3D0A8E1831499000A119B4 /* RIDPlaceRainRequestHelperTest.m in Sources */ = {isa = PBXBuildFile; fileRef = 2E3D0A8D1831499000A119B4 /* RIDPlaceRainRequestHelperTest.m */; };
		2E3D0A9118317DA900A119B4 /* RIDRainPeriod.m in Sources */ = {isa = PBXBuildFile; fileRef = 2E3D0A9018317DA900A119B4 /* RIDRainPeriod.m */; };
		2E3D0A9418317FAE00A119B4 /* RIDRainView.m in Sources */ = {isa = PBXBuildFile; fileRef = 2E3D0A9318317FAE00A119B4 /* RIDRainView.m */; };
/* End PBXBuildFile section */

/* Begin PBXContainerItemProxy section */
		2E3D0A5C1830F6CA00A119B4 /* PBXContainerItemProxy */ = {
			isa = PBXContainerItemProxy;
			containerPortal = 2E3D0A341830F6CA00A119B4 /* Project object */;
			proxyType = 1;
			remoteGlobalIDString = 2E3D0A3B1830F6CA00A119B4;
			remoteInfo = RainIsDead;
		};
/* End PBXContainerItemProxy section */

/* Begin PBXFileReference section */
		2E3D0A3C1830F6CA00A119B4 /* RainIsDead.app */ = {isa = PBXFileReference; explicitFileType = wrapper.application; includeInIndex = 0; path = RainIsDead.app; sourceTree = BUILT_PRODUCTS_DIR; };
		2E3D0A3F1830F6CA00A119B4 /* Foundation.framework */ = {isa = PBXFileReference; lastKnownFileType = wrapper.framework; name = Foundation.framework; path = System/Library/Frameworks/Foundation.framework; sourceTree = SDKROOT; };
		2E3D0A411830F6CA00A119B4 /* CoreGraphics.framework */ = {isa = PBXFileReference; lastKnownFileType = wrapper.framework; name = CoreGraphics.framework; path = System/Library/Frameworks/CoreGraphics.framework; sourceTree = SDKROOT; };
		2E3D0A431830F6CA00A119B4 /* UIKit.framework */ = {isa = PBXFileReference; lastKnownFileType = wrapper.framework; name = UIKit.framework; path = System/Library/Frameworks/UIKit.framework; sourceTree = SDKROOT; };
		2E3D0A471830F6CA00A119B4 /* RainIsDead-Info.plist */ = {isa = PBXFileReference; lastKnownFileType = text.plist.xml; path = "RainIsDead-Info.plist"; sourceTree = "<group>"; };
		2E3D0A491830F6CA00A119B4 /* en */ = {isa = PBXFileReference; lastKnownFileType = text.plist.strings; name = en; path = en.lproj/InfoPlist.strings; sourceTree = "<group>"; };
		2E3D0A4B1830F6CA00A119B4 /* main.m */ = {isa = PBXFileReference; lastKnownFileType = sourcecode.c.objc; path = main.m; sourceTree = "<group>"; };
		2E3D0A4D1830F6CA00A119B4 /* RainIsDead-Prefix.pch */ = {isa = PBXFileReference; lastKnownFileType = sourcecode.c.h; path = "RainIsDead-Prefix.pch"; sourceTree = "<group>"; };
		2E3D0A4E1830F6CA00A119B4 /* RIDAppDelegate.h */ = {isa = PBXFileReference; lastKnownFileType = sourcecode.c.h; path = RIDAppDelegate.h; sourceTree = "<group>"; };
		2E3D0A4F1830F6CA00A119B4 /* RIDAppDelegate.m */ = {isa = PBXFileReference; lastKnownFileType = sourcecode.c.objc; path = RIDAppDelegate.m; sourceTree = "<group>"; };
		2E3D0A511830F6CA00A119B4 /* Images.xcassets */ = {isa = PBXFileReference; lastKnownFileType = folder.assetcatalog; path = Images.xcassets; sourceTree = "<group>"; };
		2E3D0A571830F6CA00A119B4 /* RainIsDeadTests.xctest */ = {isa = PBXFileReference; explicitFileType = wrapper.cfbundle; includeInIndex = 0; path = RainIsDeadTests.xctest; sourceTree = BUILT_PRODUCTS_DIR; };
		2E3D0A581830F6CA00A119B4 /* XCTest.framework */ = {isa = PBXFileReference; lastKnownFileType = wrapper.framework; name = XCTest.framework; path = Library/Frameworks/XCTest.framework; sourceTree = DEVELOPER_DIR; };
		2E3D0A601830F6CA00A119B4 /* RainIsDeadTests-Info.plist */ = {isa = PBXFileReference; lastKnownFileType = text.plist.xml; path = "RainIsDeadTests-Info.plist"; sourceTree = "<group>"; };
		2E3D0A621830F6CA00A119B4 /* en */ = {isa = PBXFileReference; lastKnownFileType = text.plist.strings; name = en; path = en.lproj/InfoPlist.strings; sourceTree = "<group>"; };
		2E3D0A6F1830F74300A119B4 /* RIDPlace.h */ = {isa = PBXFileReference; fileEncoding = 4; lastKnownFileType = sourcecode.c.h; path = RIDPlace.h; sourceTree = "<group>"; };
		2E3D0A701830F74300A119B4 /* RIDPlace.m */ = {isa = PBXFileReference; fileEncoding = 4; lastKnownFileType = sourcecode.c.objc; path = RIDPlace.m; sourceTree = "<group>"; };
		2E3D0A731830F83000A119B4 /* RIDPlaceCompletionRequestHelper.h */ = {isa = PBXFileReference; fileEncoding = 4; lastKnownFileType = sourcecode.c.h; path = RIDPlaceCompletionRequestHelper.h; sourceTree = "<group>"; };
		2E3D0A741830F83000A119B4 /* RIDPlaceCompletionRequestHelper.m */ = {isa = PBXFileReference; fileEncoding = 4; lastKnownFileType = sourcecode.c.objc; path = RIDPlaceCompletionRequestHelper.m; sourceTree = "<group>"; };
		2E3D0A761830F8C600A119B4 /* RIDPlaceCompletionRequestHelperTests.m */ = {isa = PBXFileReference; fileEncoding = 4; lastKnownFileType = sourcecode.c.objc; path = RIDPlaceCompletionRequestHelperTests.m; sourceTree = "<group>"; };
		2E3D0A781830FEF300A119B4 /* RIDCompletionHelper.h */ = {isa = PBXFileReference; fileEncoding = 4; lastKnownFileType = sourcecode.c.h; path = RIDCompletionHelper.h; sourceTree = "<group>"; };
		2E3D0A791830FEF300A119B4 /* RIDCompletionHelper.m */ = {isa = PBXFileReference; fileEncoding = 4; lastKnownFileType = sourcecode.c.objc; path = RIDCompletionHelper.m; sourceTree = "<group>"; };
		2E3D0A7B1831362E00A119B4 /* RIDPlaceTest.m */ = {isa = PBXFileReference; fileEncoding = 4; lastKnownFileType = sourcecode.c.objc; path = RIDPlaceTest.m; sourceTree = "<group>"; };
		2E3D0A7D1831377200A119B4 /* RIDCompletionHelperTest.m */ = {isa = PBXFileReference; fileEncoding = 4; lastKnownFileType = sourcecode.c.objc; path = RIDCompletionHelperTest.m; sourceTree = "<group>"; };
		2E3D0A7F1831387800A119B4 /* placeCompletionResponse.json */ = {isa = PBXFileReference; fileEncoding = 4; lastKnownFileType = text.json; path = placeCompletionResponse.json; sourceTree = "<group>"; };
		2E3D0A8218313F4E00A119B4 /* RIDPlaceListViewController.h */ = {isa = PBXFileReference; fileEncoding = 4; lastKnownFileType = sourcecode.c.h; path = RIDPlaceListViewController.h; sourceTree = "<group>"; };
		2E3D0A8318313F4E00A119B4 /* RIDPlaceListViewController.m */ = {isa = PBXFileReference; fileEncoding = 4; lastKnownFileType = sourcecode.c.objc; path = RIDPlaceListViewController.m; sourceTree = "<group>"; };
		2E3D0A8418313F4E00A119B4 /* RIDPlaceListViewController.xib */ = {isa = PBXFileReference; fileEncoding = 4; lastKnownFileType = file.xib; path = RIDPlaceListViewController.xib; sourceTree = "<group>"; };
		2E3D0A87183148B800A119B4 /* RIDPlaceRainHelper.h */ = {isa = PBXFileReference; fileEncoding = 4; lastKnownFileType = sourcecode.c.h; path = RIDPlaceRainHelper.h; sourceTree = "<group>"; };
		2E3D0A88183148B800A119B4 /* RIDPlaceRainHelper.m */ = {isa = PBXFileReference; fileEncoding = 4; lastKnownFileType = sourcecode.c.objc; path = RIDPlaceRainHelper.m; sourceTree = "<group>"; };
		2E3D0A8A1831494A00A119B4 /* RIDPlaceRainRequestHelper.h */ = {isa = PBXFileReference; fileEncoding = 4; lastKnownFileType = sourcecode.c.h; path = RIDPlaceRainRequestHelper.h; sourceTree = "<group>"; };
		2E3D0A8B1831494A00A119B4 /* RIDPlaceRainRequestHelper.m */ = {isa = PBXFileReference; fileEncoding = 4; lastKnownFileType = sourcecode.c.objc; path = RIDPlaceRainRequestHelper.m; sourceTree = "<group>"; };
		2E3D0A8D1831499000A119B4 /* RIDPlaceRainRequestHelperTest.m */ = {isa = PBXFileReference; fileEncoding = 4; lastKnownFileType = sourcecode.c.objc; path = RIDPlaceRainRequestHelperTest.m; sourceTree = "<group>"; };
		2E3D0A8F18317DA900A119B4 /* RIDRainPeriod.h */ = {isa = PBXFileReference; fileEncoding = 4; lastKnownFileType = sourcecode.c.h; path = RIDRainPeriod.h; sourceTree = "<group>"; };
		2E3D0A9018317DA900A119B4 /* RIDRainPeriod.m */ = {isa = PBXFileReference; fileEncoding = 4; lastKnownFileType = sourcecode.c.objc; path = RIDRainPeriod.m; sourceTree = "<group>"; };
		2E3D0A9218317FAE00A119B4 /* RIDRainView.h */ = {isa = PBXFileReference; fileEncoding = 4; lastKnownFileType = sourcecode.c.h; path = RIDRainView.h; sourceTree = "<group>"; };
		2E3D0A9318317FAE00A119B4 /* RIDRainView.m */ = {isa = PBXFileReference; fileEncoding = 4; lastKnownFileType = sourcecode.c.objc; path = RIDRainView.m; sourceTree = "<group>"; };
/* End PBXFileReference section */

/* Begin PBXFrameworksBuildPhase section */
		2E3D0A391830F6CA00A119B4 /* Frameworks */ = {
			isa = PBXFrameworksBuildPhase;
			buildActionMask = 2147483647;
			files = (
				2E3D0A421830F6CA00A119B4 /* CoreGraphics.framework in Frameworks */,
				2E3D0A441830F6CA00A119B4 /* UIKit.framework in Frameworks */,
				2E3D0A401830F6CA00A119B4 /* Foundation.framework in Frameworks */,
			);
			runOnlyForDeploymentPostprocessing = 0;
		};
		2E3D0A541830F6CA00A119B4 /* Frameworks */ = {
			isa = PBXFrameworksBuildPhase;
			buildActionMask = 2147483647;
			files = (
				2E3D0A591830F6CA00A119B4 /* XCTest.framework in Frameworks */,
				2E3D0A5B1830F6CA00A119B4 /* UIKit.framework in Frameworks */,
				2E3D0A5A1830F6CA00A119B4 /* Foundation.framework in Frameworks */,
			);
			runOnlyForDeploymentPostprocessing = 0;
		};
/* End PBXFrameworksBuildPhase section */

/* Begin PBXGroup section */
		2E3D0A331830F6CA00A119B4 = {
			isa = PBXGroup;
			children = (
				2E3D0A451830F6CA00A119B4 /* RainIsDead */,
				2E3D0A5E1830F6CA00A119B4 /* RainIsDeadTests */,
				2E3D0A3E1830F6CA00A119B4 /* Frameworks */,
				2E3D0A3D1830F6CA00A119B4 /* Products */,
			);
			sourceTree = "<group>";
		};
		2E3D0A3D1830F6CA00A119B4 /* Products */ = {
			isa = PBXGroup;
			children = (
				2E3D0A3C1830F6CA00A119B4 /* RainIsDead.app */,
				2E3D0A571830F6CA00A119B4 /* RainIsDeadTests.xctest */,
			);
			name = Products;
			sourceTree = "<group>";
		};
		2E3D0A3E1830F6CA00A119B4 /* Frameworks */ = {
			isa = PBXGroup;
			children = (
				2E3D0A3F1830F6CA00A119B4 /* Foundation.framework */,
				2E3D0A411830F6CA00A119B4 /* CoreGraphics.framework */,
				2E3D0A431830F6CA00A119B4 /* UIKit.framework */,
				2E3D0A581830F6CA00A119B4 /* XCTest.framework */,
			);
			name = Frameworks;
			sourceTree = "<group>";
		};
		2E3D0A451830F6CA00A119B4 /* RainIsDead */ = {
			isa = PBXGroup;
			children = (
				2E3D0A8118313EEB00A119B4 /* UI */,
				2E3D0A721830F7D600A119B4 /* Network */,
				2E3D0A6E1830F6DD00A119B4 /* Business */,
				2E3D0A4E1830F6CA00A119B4 /* RIDAppDelegate.h */,
				2E3D0A4F1830F6CA00A119B4 /* RIDAppDelegate.m */,
				2E3D0A511830F6CA00A119B4 /* Images.xcassets */,
				2E3D0A461830F6CA00A119B4 /* Supporting Files */,
			);
			path = RainIsDead;
			sourceTree = "<group>";
		};
		2E3D0A461830F6CA00A119B4 /* Supporting Files */ = {
			isa = PBXGroup;
			children = (
				2E3D0A471830F6CA00A119B4 /* RainIsDead-Info.plist */,
				2E3D0A481830F6CA00A119B4 /* InfoPlist.strings */,
				2E3D0A4B1830F6CA00A119B4 /* main.m */,
				2E3D0A4D1830F6CA00A119B4 /* RainIsDead-Prefix.pch */,
			);
			name = "Supporting Files";
			sourceTree = "<group>";
		};
		2E3D0A5E1830F6CA00A119B4 /* RainIsDeadTests */ = {
			isa = PBXGroup;
			children = (
				2E3D0A7F1831387800A119B4 /* placeCompletionResponse.json */,
				2E3D0A5F1830F6CA00A119B4 /* Supporting Files */,
				2E3D0A7B1831362E00A119B4 /* RIDPlaceTest.m */,
				2E3D0A761830F8C600A119B4 /* RIDPlaceCompletionRequestHelperTests.m */,
				2E3D0A7D1831377200A119B4 /* RIDCompletionHelperTest.m */,
				2E3D0A8D1831499000A119B4 /* RIDPlaceRainRequestHelperTest.m */,
			);
			path = RainIsDeadTests;
			sourceTree = "<group>";
		};
		2E3D0A5F1830F6CA00A119B4 /* Supporting Files */ = {
			isa = PBXGroup;
			children = (
				2E3D0A601830F6CA00A119B4 /* RainIsDeadTests-Info.plist */,
				2E3D0A611830F6CA00A119B4 /* InfoPlist.strings */,
			);
			name = "Supporting Files";
			sourceTree = "<group>";
		};
		2E3D0A6E1830F6DD00A119B4 /* Business */ = {
			isa = PBXGroup;
			children = (
				2E3D0A6F1830F74300A119B4 /* RIDPlace.h */,
				2E3D0A701830F74300A119B4 /* RIDPlace.m */,
				2E3D0A8F18317DA900A119B4 /* RIDRainPeriod.h */,
				2E3D0A9018317DA900A119B4 /* RIDRainPeriod.m */,
			);
			name = Business;
			path = src/Business;
			sourceTree = "<group>";
		};
		2E3D0A721830F7D600A119B4 /* Network */ = {
			isa = PBXGroup;
			children = (
				2E3D0A731830F83000A119B4 /* RIDPlaceCompletionRequestHelper.h */,
				2E3D0A741830F83000A119B4 /* RIDPlaceCompletionRequestHelper.m */,
				2E3D0A781830FEF300A119B4 /* RIDCompletionHelper.h */,
				2E3D0A791830FEF300A119B4 /* RIDCompletionHelper.m */,
				2E3D0A8A1831494A00A119B4 /* RIDPlaceRainRequestHelper.h */,
				2E3D0A8B1831494A00A119B4 /* RIDPlaceRainRequestHelper.m */,
				2E3D0A87183148B800A119B4 /* RIDPlaceRainHelper.h */,
				2E3D0A88183148B800A119B4 /* RIDPlaceRainHelper.m */,
			);
			name = Network;
			path = src/Network;
			sourceTree = "<group>";
		};
		2E3D0A8118313EEB00A119B4 /* UI */ = {
			isa = PBXGroup;
			children = (
				2E3D0A8218313F4E00A119B4 /* RIDPlaceListViewController.h */,
				2E3D0A8318313F4E00A119B4 /* RIDPlaceListViewController.m */,
				2E3D0A8418313F4E00A119B4 /* RIDPlaceListViewController.xib */,
				2E3D0A9218317FAE00A119B4 /* RIDRainView.h */,
				2E3D0A9318317FAE00A119B4 /* RIDRainView.m */,
			);
			name = UI;
			path = src/UI;
			sourceTree = "<group>";
		};
/* End PBXGroup section */

/* Begin PBXNativeTarget section */
		2E3D0A3B1830F6CA00A119B4 /* RainIsDead */ = {
			isa = PBXNativeTarget;
			buildConfigurationList = 2E3D0A681830F6CA00A119B4 /* Build configuration list for PBXNativeTarget "RainIsDead" */;
			buildPhases = (
				2E3D0A381830F6CA00A119B4 /* Sources */,
				2E3D0A391830F6CA00A119B4 /* Frameworks */,
				2E3D0A3A1830F6CA00A119B4 /* Resources */,
			);
			buildRules = (
			);
			dependencies = (
			);
			name = RainIsDead;
			productName = RainIsDead;
			productReference = 2E3D0A3C1830F6CA00A119B4 /* RainIsDead.app */;
			productType = "com.apple.product-type.application";
		};
		2E3D0A561830F6CA00A119B4 /* RainIsDeadTests */ = {
			isa = PBXNativeTarget;
			buildConfigurationList = 2E3D0A6B1830F6CA00A119B4 /* Build configuration list for PBXNativeTarget "RainIsDeadTests" */;
			buildPhases = (
				2E3D0A531830F6CA00A119B4 /* Sources */,
				2E3D0A541830F6CA00A119B4 /* Frameworks */,
				2E3D0A551830F6CA00A119B4 /* Resources */,
			);
			buildRules = (
			);
			dependencies = (
				2E3D0A5D1830F6CA00A119B4 /* PBXTargetDependency */,
			);
			name = RainIsDeadTests;
			productName = RainIsDeadTests;
			productReference = 2E3D0A571830F6CA00A119B4 /* RainIsDeadTests.xctest */;
			productType = "com.apple.product-type.bundle.unit-test";
		};
/* End PBXNativeTarget section */

/* Begin PBXProject section */
		2E3D0A341830F6CA00A119B4 /* Project object */ = {
			isa = PBXProject;
			attributes = {
				CLASSPREFIX = RID;
				LastUpgradeCheck = 0500;
				ORGANIZATIONNAME = "Jean-Jacques Mérillon";
				TargetAttributes = {
					2E3D0A561830F6CA00A119B4 = {
						TestTargetID = 2E3D0A3B1830F6CA00A119B4;
					};
				};
			};
			buildConfigurationList = 2E3D0A371830F6CA00A119B4 /* Build configuration list for PBXProject "RainIsDead" */;
			compatibilityVersion = "Xcode 3.2";
			developmentRegion = English;
			hasScannedForEncodings = 0;
			knownRegions = (
				en,
			);
			mainGroup = 2E3D0A331830F6CA00A119B4;
			productRefGroup = 2E3D0A3D1830F6CA00A119B4 /* Products */;
			projectDirPath = "";
			projectRoot = "";
			targets = (
				2E3D0A3B1830F6CA00A119B4 /* RainIsDead */,
				2E3D0A561830F6CA00A119B4 /* RainIsDeadTests */,
			);
		};
/* End PBXProject section */

/* Begin PBXResourcesBuildPhase section */
		2E3D0A3A1830F6CA00A119B4 /* Resources */ = {
			isa = PBXResourcesBuildPhase;
			buildActionMask = 2147483647;
			files = (
				2E3D0A4A1830F6CA00A119B4 /* InfoPlist.strings in Resources */,
				2E3D0A8618313F4E00A119B4 /* RIDPlaceListViewController.xib in Resources */,
				2E3D0A521830F6CA00A119B4 /* Images.xcassets in Resources */,
			);
			runOnlyForDeploymentPostprocessing = 0;
		};
		2E3D0A551830F6CA00A119B4 /* Resources */ = {
			isa = PBXResourcesBuildPhase;
			buildActionMask = 2147483647;
			files = (
				2E3D0A801831387800A119B4 /* placeCompletionResponse.json in Resources */,
				2E3D0A631830F6CA00A119B4 /* InfoPlist.strings in Resources */,
			);
			runOnlyForDeploymentPostprocessing = 0;
		};
/* End PBXResourcesBuildPhase section */

/* Begin PBXSourcesBuildPhase section */
		2E3D0A381830F6CA00A119B4 /* Sources */ = {
			isa = PBXSourcesBuildPhase;
			buildActionMask = 2147483647;
			files = (
				2E3D0A501830F6CA00A119B4 /* RIDAppDelegate.m in Sources */,
				2E3D0A7A1830FEF300A119B4 /* RIDCompletionHelper.m in Sources */,
				2E3D0A8518313F4E00A119B4 /* RIDPlaceListViewController.m in Sources */,
				2E3D0A89183148B800A119B4 /* RIDPlaceRainHelper.m in Sources */,
				2E3D0A751830F83000A119B4 /* RIDPlaceCompletionRequestHelper.m in Sources */,
				2E3D0A8C1831494A00A119B4 /* RIDPlaceRainRequestHelper.m in Sources */,
				2E3D0A4C1830F6CA00A119B4 /* main.m in Sources */,
				2E3D0A9118317DA900A119B4 /* RIDRainPeriod.m in Sources */,
				2E3D0A9418317FAE00A119B4 /* RIDRainView.m in Sources */,
				2E3D0A711830F74300A119B4 /* RIDPlace.m in Sources */,
			);
			runOnlyForDeploymentPostprocessing = 0;
		};
		2E3D0A531830F6CA00A119B4 /* Sources */ = {
			isa = PBXSourcesBuildPhase;
			buildActionMask = 2147483647;
			files = (
				2E3D0A7E1831377200A119B4 /* RIDCompletionHelperTest.m in Sources */,
				2E3D0A8E1831499000A119B4 /* RIDPlaceRainRequestHelperTest.m in Sources */,
				2E3D0A771830F8C600A119B4 /* RIDPlaceCompletionRequestHelperTests.m in Sources */,
				2E3D0A7C1831362E00A119B4 /* RIDPlaceTest.m in Sources */,
			);
			runOnlyForDeploymentPostprocessing = 0;
		};
/* End PBXSourcesBuildPhase section */

/* Begin PBXTargetDependency section */
		2E3D0A5D1830F6CA00A119B4 /* PBXTargetDependency */ = {
			isa = PBXTargetDependency;
			target = 2E3D0A3B1830F6CA00A119B4 /* RainIsDead */;
			targetProxy = 2E3D0A5C1830F6CA00A119B4 /* PBXContainerItemProxy */;
		};
/* End PBXTargetDependency section */

/* Begin PBXVariantGroup section */
		2E3D0A481830F6CA00A119B4 /* InfoPlist.strings */ = {
			isa = PBXVariantGroup;
			children = (
				2E3D0A491830F6CA00A119B4 /* en */,
			);
			name = InfoPlist.strings;
			sourceTree = "<group>";
		};
		2E3D0A611830F6CA00A119B4 /* InfoPlist.strings */ = {
			isa = PBXVariantGroup;
			children = (
				2E3D0A621830F6CA00A119B4 /* en */,
			);
			name = InfoPlist.strings;
			sourceTree = "<group>";
		};
/* End PBXVariantGroup section */

/* Begin XCBuildConfiguration section */
		2E3D0A661830F6CA00A119B4 /* Debug */ = {
			isa = XCBuildConfiguration;
			buildSettings = {
				ALWAYS_SEARCH_USER_PATHS = NO;
				ARCHS = "$(ARCHS_STANDARD_INCLUDING_64_BIT)";
				CLANG_CXX_LANGUAGE_STANDARD = "gnu++0x";
				CLANG_CXX_LIBRARY = "libc++";
				CLANG_ENABLE_MODULES = YES;
				CLANG_ENABLE_OBJC_ARC = YES;
				CLANG_WARN_BOOL_CONVERSION = YES;
				CLANG_WARN_CONSTANT_CONVERSION = YES;
				CLANG_WARN_DIRECT_OBJC_ISA_USAGE = YES_ERROR;
				CLANG_WARN_EMPTY_BODY = YES;
				CLANG_WARN_ENUM_CONVERSION = YES;
				CLANG_WARN_INT_CONVERSION = YES;
				CLANG_WARN_OBJC_ROOT_CLASS = YES_ERROR;
				CLANG_WARN__DUPLICATE_METHOD_MATCH = YES;
				"CODE_SIGN_IDENTITY[sdk=iphoneos*]" = "iPhone Developer";
				COPY_PHASE_STRIP = NO;
				GCC_C_LANGUAGE_STANDARD = gnu99;
				GCC_DYNAMIC_NO_PIC = NO;
				GCC_OPTIMIZATION_LEVEL = 0;
				GCC_PREPROCESSOR_DEFINITIONS = (
					"DEBUG=1",
					"$(inherited)",
				);
				GCC_SYMBOLS_PRIVATE_EXTERN = NO;
				GCC_WARN_64_TO_32_BIT_CONVERSION = YES;
				GCC_WARN_ABOUT_RETURN_TYPE = YES_ERROR;
				GCC_WARN_UNDECLARED_SELECTOR = YES;
				GCC_WARN_UNINITIALIZED_AUTOS = YES;
				GCC_WARN_UNUSED_FUNCTION = YES;
				GCC_WARN_UNUSED_VARIABLE = YES;
				IPHONEOS_DEPLOYMENT_TARGET = 7.0;
				ONLY_ACTIVE_ARCH = YES;
				SDKROOT = iphoneos;
			};
			name = Debug;
		};
		2E3D0A671830F6CA00A119B4 /* Release */ = {
			isa = XCBuildConfiguration;
			buildSettings = {
				ALWAYS_SEARCH_USER_PATHS = NO;
				ARCHS = "$(ARCHS_STANDARD_INCLUDING_64_BIT)";
				CLANG_CXX_LANGUAGE_STANDARD = "gnu++0x";
				CLANG_CXX_LIBRARY = "libc++";
				CLANG_ENABLE_MODULES = YES;
				CLANG_ENABLE_OBJC_ARC = YES;
				CLANG_WARN_BOOL_CONVERSION = YES;
				CLANG_WARN_CONSTANT_CONVERSION = YES;
				CLANG_WARN_DIRECT_OBJC_ISA_USAGE = YES_ERROR;
				CLANG_WARN_EMPTY_BODY = YES;
				CLANG_WARN_ENUM_CONVERSION = YES;
				CLANG_WARN_INT_CONVERSION = YES;
				CLANG_WARN_OBJC_ROOT_CLASS = YES_ERROR;
				CLANG_WARN__DUPLICATE_METHOD_MATCH = YES;
				"CODE_SIGN_IDENTITY[sdk=iphoneos*]" = "iPhone Developer";
				COPY_PHASE_STRIP = YES;
				ENABLE_NS_ASSERTIONS = NO;
				GCC_C_LANGUAGE_STANDARD = gnu99;
				GCC_WARN_64_TO_32_BIT_CONVERSION = YES;
				GCC_WARN_ABOUT_RETURN_TYPE = YES_ERROR;
				GCC_WARN_UNDECLARED_SELECTOR = YES;
				GCC_WARN_UNINITIALIZED_AUTOS = YES;
				GCC_WARN_UNUSED_FUNCTION = YES;
				GCC_WARN_UNUSED_VARIABLE = YES;
				IPHONEOS_DEPLOYMENT_TARGET = 7.0;
				SDKROOT = iphoneos;
				VALIDATE_PRODUCT = YES;
			};
			name = Release;
		};
		2E3D0A691830F6CA00A119B4 /* Debug */ = {
			isa = XCBuildConfiguration;
			buildSettings = {
				ASSETCATALOG_COMPILER_APPICON_NAME = AppIcon;
				ASSETCATALOG_COMPILER_LAUNCHIMAGE_NAME = LaunchImage;
				GCC_PRECOMPILE_PREFIX_HEADER = YES;
				GCC_PREFIX_HEADER = "RainIsDead/RainIsDead-Prefix.pch";
				INFOPLIST_FILE = "RainIsDead/RainIsDead-Info.plist";
				PRODUCT_NAME = "$(TARGET_NAME)";
				WRAPPER_EXTENSION = app;
			};
			name = Debug;
		};
		2E3D0A6A1830F6CA00A119B4 /* Release */ = {
			isa = XCBuildConfiguration;
			buildSettings = {
				ASSETCATALOG_COMPILER_APPICON_NAME = AppIcon;
				ASSETCATALOG_COMPILER_LAUNCHIMAGE_NAME = LaunchImage;
				GCC_PRECOMPILE_PREFIX_HEADER = YES;
				GCC_PREFIX_HEADER = "RainIsDead/RainIsDead-Prefix.pch";
				INFOPLIST_FILE = "RainIsDead/RainIsDead-Info.plist";
				PRODUCT_NAME = "$(TARGET_NAME)";
				WRAPPER_EXTENSION = app;
			};
			name = Release;
		};
		2E3D0A6C1830F6CA00A119B4 /* Debug */ = {
			isa = XCBuildConfiguration;
			buildSettings = {
				ARCHS = "$(ARCHS_STANDARD_INCLUDING_64_BIT)";
				BUNDLE_LOADER = "$(BUILT_PRODUCTS_DIR)/RainIsDead.app/RainIsDead";
				FRAMEWORK_SEARCH_PATHS = (
					"$(SDKROOT)/Developer/Library/Frameworks",
					"$(inherited)",
					"$(DEVELOPER_FRAMEWORKS_DIR)",
				);
				GCC_PRECOMPILE_PREFIX_HEADER = YES;
				GCC_PREFIX_HEADER = "RainIsDead/RainIsDead-Prefix.pch";
				GCC_PREPROCESSOR_DEFINITIONS = (
					"DEBUG=1",
					"$(inherited)",
				);
				GCC_WARN_UNDECLARED_SELECTOR = NO;
				INFOPLIST_FILE = "RainIsDeadTests/RainIsDeadTests-Info.plist";
				PRODUCT_NAME = "$(TARGET_NAME)";
				TEST_HOST = "$(BUNDLE_LOADER)";
				WRAPPER_EXTENSION = xctest;
			};
			name = Debug;
		};
		2E3D0A6D1830F6CA00A119B4 /* Release */ = {
			isa = XCBuildConfiguration;
			buildSettings = {
				ARCHS = "$(ARCHS_STANDARD_INCLUDING_64_BIT)";
				BUNDLE_LOADER = "$(BUILT_PRODUCTS_DIR)/RainIsDead.app/RainIsDead";
				FRAMEWORK_SEARCH_PATHS = (
					"$(SDKROOT)/Developer/Library/Frameworks",
					"$(inherited)",
					"$(DEVELOPER_FRAMEWORKS_DIR)",
				);
				GCC_PRECOMPILE_PREFIX_HEADER = YES;
				GCC_PREFIX_HEADER = "RainIsDead/RainIsDead-Prefix.pch";
				GCC_WARN_UNDECLARED_SELECTOR = NO;
				INFOPLIST_FILE = "RainIsDeadTests/RainIsDeadTests-Info.plist";
				PRODUCT_NAME = "$(TARGET_NAME)";
				TEST_HOST = "$(BUNDLE_LOADER)";
				WRAPPER_EXTENSION = xctest;
			};
			name = Release;
		};
/* End XCBuildConfiguration section */

/* Begin XCConfigurationList section */
		2E3D0A371830F6CA00A119B4 /* Build configuration list for PBXProject "RainIsDead" */ = {
			isa = XCConfigurationList;
			buildConfigurations = (
				2E3D0A661830F6CA00A119B4 /* Debug */,
				2E3D0A671830F6CA00A119B4 /* Release */,
			);
			defaultConfigurationIsVisible = 0;
			defaultConfigurationName = Release;
		};
		2E3D0A681830F6CA00A119B4 /* Build configuration list for PBXNativeTarget "RainIsDead" */ = {
			isa = XCConfigurationList;
			buildConfigurations = (
				2E3D0A691830F6CA00A119B4 /* Debug */,
				2E3D0A6A1830F6CA00A119B4 /* Release */,
			);
			defaultConfigurationIsVisible = 0;
		};
		2E3D0A6B1830F6CA00A119B4 /* Build configuration list for PBXNativeTarget "RainIsDeadTests" */ = {
			isa = XCConfigurationList;
			buildConfigurations = (
				2E3D0A6C1830F6CA00A119B4 /* Debug */,
				2E3D0A6D1830F6CA00A119B4 /* Release */,
			);
			defaultConfigurationIsVisible = 0;
		};
/* End XCConfigurationList section */
	};
	rootObject = 2E3D0A341830F6CA00A119B4 /* Project object */;
}
